// !$*UTF8*$!
{
	archiveVersion = 1;
	classes = {
	};
	objectVersion = 50;
	objects = {

/* Begin PBXBuildFile section */
		DBF89BA526AE3B6800297D0E /* AppDelegate.swift in Sources */ = {isa = PBXBuildFile; fileRef = DBF89BA426AE3B6800297D0E /* AppDelegate.swift */; };
		DBF89BA726AE3B6800297D0E /* SceneDelegate.swift in Sources */ = {isa = PBXBuildFile; fileRef = DBF89BA626AE3B6800297D0E /* SceneDelegate.swift */; };
		DBF89BA926AE3B6800297D0E /* ViewController.swift in Sources */ = {isa = PBXBuildFile; fileRef = DBF89BA826AE3B6800297D0E /* ViewController.swift */; };
		DBF89BAC26AE3B6800297D0E /* Main.storyboard in Resources */ = {isa = PBXBuildFile; fileRef = DBF89BAA26AE3B6800297D0E /* Main.storyboard */; };
		DBF89BAE26AE3B6A00297D0E /* Assets.xcassets in Resources */ = {isa = PBXBuildFile; fileRef = DBF89BAD26AE3B6A00297D0E /* Assets.xcassets */; };
		DBF89BB126AE3B6A00297D0E /* LaunchScreen.storyboard in Resources */ = {isa = PBXBuildFile; fileRef = DBF89BAF26AE3B6A00297D0E /* LaunchScreen.storyboard */; };
		DBF89BB926AE3C8B00297D0E /* cachorro.png in Resources */ = {isa = PBXBuildFile; fileRef = DBF89BB826AE3C8B00297D0E /* cachorro.png */; };
/* End PBXBuildFile section */

/* Begin PBXFileReference section */
		DBF89BA126AE3B6800297D0E /* Idade de Cachorro.app */ = {isa = PBXFileReference; explicitFileType = wrapper.application; includeInIndex = 0; path = "Idade de Cachorro.app"; sourceTree = BUILT_PRODUCTS_DIR; };
		DBF89BA426AE3B6800297D0E /* AppDelegate.swift */ = {isa = PBXFileReference; lastKnownFileType = sourcecode.swift; path = AppDelegate.swift; sourceTree = "<group>"; };
		DBF89BA626AE3B6800297D0E /* SceneDelegate.swift */ = {isa = PBXFileReference; lastKnownFileType = sourcecode.swift; path = SceneDelegate.swift; sourceTree = "<group>"; };
		DBF89BA826AE3B6800297D0E /* ViewController.swift */ = {isa = PBXFileReference; lastKnownFileType = sourcecode.swift; path = ViewController.swift; sourceTree = "<group>"; };
		DBF89BAB26AE3B6800297D0E /* Base */ = {isa = PBXFileReference; lastKnownFileType = file.storyboard; name = Base; path = Base.lproj/Main.storyboard; sourceTree = "<group>"; };
		DBF89BAD26AE3B6A00297D0E /* Assets.xcassets */ = {isa = PBXFileReference; lastKnownFileType = folder.assetcatalog; path = Assets.xcassets; sourceTree = "<group>"; };
		DBF89BB026AE3B6A00297D0E /* Base */ = {isa = PBXFileReference; lastKnownFileType = file.storyboard; name = Base; path = Base.lproj/LaunchScreen.storyboard; sourceTree = "<group>"; };
		DBF89BB226AE3B6A00297D0E /* Info.plist */ = {isa = PBXFileReference; lastKnownFileType = text.plist.xml; path = Info.plist; sourceTree = "<group>"; };
		DBF89BB826AE3C8B00297D0E /* cachorro.png */ = {isa = PBXFileReference; lastKnownFileType = image.png; path = cachorro.png; sourceTree = "<group>"; };
/* End PBXFileReference section */

/* Begin PBXFrameworksBuildPhase section */
		DBF89B9E26AE3B6800297D0E /* Frameworks */ = {
			isa = PBXFrameworksBuildPhase;
			buildActionMask = 2147483647;
			files = (
			);
			runOnlyForDeploymentPostprocessing = 0;
		};
/* End PBXFrameworksBuildPhase section */

/* Begin PBXGroup section */
		DBF89B9826AE3B6800297D0E = {
			isa = PBXGroup;
			children = (
				DBF89BA326AE3B6800297D0E /* Idade de Cachorro */,
				DBF89BA226AE3B6800297D0E /* Products */,
			);
			sourceTree = "<group>";
		};
		DBF89BA226AE3B6800297D0E /* Products */ = {
			isa = PBXGroup;
			children = (
				DBF89BA126AE3B6800297D0E /* Idade de Cachorro.app */,
			);
			name = Products;
			sourceTree = "<group>";
		};
		DBF89BA326AE3B6800297D0E /* Idade de Cachorro */ = {
			isa = PBXGroup;
			children = (
				DBF89BA426AE3B6800297D0E /* AppDelegate.swift */,
				DBF89BA626AE3B6800297D0E /* SceneDelegate.swift */,
				DBF89BB826AE3C8B00297D0E /* cachorro.png */,
				DBF89BA826AE3B6800297D0E /* ViewController.swift */,
				DBF89BAA26AE3B6800297D0E /* Main.storyboard */,
				DBF89BAD26AE3B6A00297D0E /* Assets.xcassets */,
				DBF89BAF26AE3B6A00297D0E /* LaunchScreen.storyboard */,
				DBF89BB226AE3B6A00297D0E /* Info.plist */,
			);
			path = "Idade de Cachorro";
			sourceTree = "<group>";
		};
/* End PBXGroup section */

/* Begin PBXNativeTarget section */
		DBF89BA026AE3B6800297D0E /* Idade de Cachorro */ = {
			isa = PBXNativeTarget;
			buildConfigurationList = DBF89BB526AE3B6A00297D0E /* Build configuration list for PBXNativeTarget "Idade de Cachorro" */;
			buildPhases = (
				DBF89B9D26AE3B6800297D0E /* Sources */,
				DBF89B9E26AE3B6800297D0E /* Frameworks */,
				DBF89B9F26AE3B6800297D0E /* Resources */,
			);
			buildRules = (
			);
			dependencies = (
			);
			name = "Idade de Cachorro";
			productName = "Idade de Cachorro";
			productReference = DBF89BA126AE3B6800297D0E /* Idade de Cachorro.app */;
			productType = "com.apple.product-type.application";
		};
/* End PBXNativeTarget section */

/* Begin PBXProject section */
		DBF89B9926AE3B6800297D0E /* Project object */ = {
			isa = PBXProject;
			attributes = {
				LastSwiftUpdateCheck = 1250;
				LastUpgradeCheck = 1250;
				TargetAttributes = {
					DBF89BA026AE3B6800297D0E = {
						CreatedOnToolsVersion = 12.5.1;
					};
				};
			};
			buildConfigurationList = DBF89B9C26AE3B6800297D0E /* Build configuration list for PBXProject "Idade de Cachorro" */;
			compatibilityVersion = "Xcode 9.3";
			developmentRegion = en;
			hasScannedForEncodings = 0;
			knownRegions = (
				en,
				Base,
			);
			mainGroup = DBF89B9826AE3B6800297D0E;
			productRefGroup = DBF89BA226AE3B6800297D0E /* Products */;
			projectDirPath = "";
			projectRoot = "";
			targets = (
				DBF89BA026AE3B6800297D0E /* Idade de Cachorro */,
			);
		};
/* End PBXProject section */

/* Begin PBXResourcesBuildPhase section */
		DBF89B9F26AE3B6800297D0E /* Resources */ = {
			isa = PBXResourcesBuildPhase;
			buildActionMask = 2147483647;
			files = (
				DBF89BB926AE3C8B00297D0E /* cachorro.png in Resources */,
				DBF89BB126AE3B6A00297D0E /* LaunchScreen.storyboard in Resources */,
				DBF89BAE26AE3B6A00297D0E /* Assets.xcassets in Resources */,
				DBF89BAC26AE3B6800297D0E /* Main.storyboard in Resources */,
			);
			runOnlyForDeploymentPostprocessing = 0;
		};
/* End PBXResourcesBuildPhase section */

/* Begin PBXSourcesBuildPhase section */
		DBF89B9D26AE3B6800297D0E /* Sources */ = {
			isa = PBXSourcesBuildPhase;
			buildActionMask = 2147483647;
			files = (
				DBF89BA926AE3B6800297D0E /* ViewController.swift in Sources */,
				DBF89BA526AE3B6800297D0E /* AppDelegate.swift in Sources */,
				DBF89BA726AE3B6800297D0E /* SceneDelegate.swift in Sources */,
			);
			runOnlyForDeploymentPostprocessing = 0;
		};
/* End PBXSourcesBuildPhase section */

/* Begin PBXVariantGroup section */
		DBF89BAA26AE3B6800297D0E /* Main.storyboard */ = {
			isa = PBXVariantGroup;
			children = (
				DBF89BAB26AE3B6800297D0E /* Base */,
			);
			name = Main.storyboard;
			sourceTree = "<group>";
		};
		DBF89BAF26AE3B6A00297D0E /* LaunchScreen.storyboard */ = {
			isa = PBXVariantGroup;
			children = (
				DBF89BB026AE3B6A00297D0E /* Base */,
			);
			name = LaunchScreen.storyboard;
			sourceTree = "<group>";
		};
/* End PBXVariantGroup section */

/* Begin XCBuildConfiguration section */
		DBF89BB326AE3B6A00297D0E /* Debug */ = {
			isa = XCBuildConfiguration;
			buildSettings = {
				ALWAYS_SEARCH_USER_PATHS = NO;
				CLANG_ANALYZER_NONNULL = YES;
				CLANG_ANALYZER_NUMBER_OBJECT_CONVERSION = YES_AGGRESSIVE;
				CLANG_CXX_LANGUAGE_STANDARD = "gnu++14";
				CLANG_CXX_LIBRARY = "libc++";
				CLANG_ENABLE_MODULES = YES;
				CLANG_ENABLE_OBJC_ARC = YES;
				CLANG_ENABLE_OBJC_WEAK = YES;
				CLANG_WARN_BLOCK_CAPTURE_AUTORELEASING = YES;
				CLANG_WARN_BOOL_CONVERSION = YES;
				CLANG_WARN_COMMA = YES;
				CLANG_WARN_CONSTANT_CONVERSION = YES;
				CLANG_WARN_DEPRECATED_OBJC_IMPLEMENTATIONS = YES;
				CLANG_WARN_DIRECT_OBJC_ISA_USAGE = YES_ERROR;
				CLANG_WARN_DOCUMENTATION_COMMENTS = YES;
				CLANG_WARN_EMPTY_BODY = YES;
				CLANG_WARN_ENUM_CONVERSION = YES;
				CLANG_WARN_INFINITE_RECURSION = YES;
				CLANG_WARN_INT_CONVERSION = YES;
				CLANG_WARN_NON_LITERAL_NULL_CONVERSION = YES;
				CLANG_WARN_OBJC_IMPLICIT_RETAIN_SELF = YES;
				CLANG_WARN_OBJC_LITERAL_CONVERSION = YES;
				CLANG_WARN_OBJC_ROOT_CLASS = YES_ERROR;
				CLANG_WARN_QUOTED_INCLUDE_IN_FRAMEWORK_HEADER = YES;
				CLANG_WARN_RANGE_LOOP_ANALYSIS = YES;
				CLANG_WARN_STRICT_PROTOTYPES = YES;
				CLANG_WARN_SUSPICIOUS_MOVE = YES;
				CLANG_WARN_UNGUARDED_AVAILABILITY = YES_AGGRESSIVE;
				CLANG_WARN_UNREACHABLE_CODE = YES;
				CLANG_WARN__DUPLICATE_METHOD_MATCH = YES;
				COPY_PHASE_STRIP = NO;
				DEBUG_INFORMATION_FORMAT = dwarf;
				ENABLE_STRICT_OBJC_MSGSEND = YES;
				ENABLE_TESTABILITY = YES;
				GCC_C_LANGUAGE_STANDARD = gnu11;
				GCC_DYNAMIC_NO_PIC = NO;
				GCC_NO_COMMON_BLOCKS = YES;
				GCC_OPTIMIZATION_LEVEL = 0;
				GCC_PREPROCESSOR_DEFINITIONS = (
					"DEBUG=1",
					"$(inherited)",
				);
				GCC_WARN_64_TO_32_BIT_CONVERSION = YES;
				GCC_WARN_ABOUT_RETURN_TYPE = YES_ERROR;
				GCC_WARN_UNDECLARED_SELECTOR = YES;
				GCC_WARN_UNINITIALIZED_AUTOS = YES_AGGRESSIVE;
				GCC_WARN_UNUSED_FUNCTION = YES;
				GCC_WARN_UNUSED_VARIABLE = YES;
				IPHONEOS_DEPLOYMENT_TARGET = 14.5;
				MTL_ENABLE_DEBUG_INFO = INCLUDE_SOURCE;
				MTL_FAST_MATH = YES;
				ONLY_ACTIVE_ARCH = YES;
				SDKROOT = iphoneos;
				SWIFT_ACTIVE_COMPILATION_CONDITIONS = DEBUG;
				SWIFT_OPTIMIZATION_LEVEL = "-Onone";
			};
			name = Debug;
		};
		DBF89BB426AE3B6A00297D0E /* Release */ = {
			isa = XCBuildConfiguration;
			buildSettings = {
				ALWAYS_SEARCH_USER_PATHS = NO;
				CLANG_ANALYZER_NONNULL = YES;
				CLANG_ANALYZER_NUMBER_OBJECT_CONVERSION = YES_AGGRESSIVE;
				CLANG_CXX_LANGUAGE_STANDARD = "gnu++14";
				CLANG_CXX_LIBRARY = "libc++";
				CLANG_ENABLE_MODULES = YES;
				CLANG_ENABLE_OBJC_ARC = YES;
				CLANG_ENABLE_OBJC_WEAK = YES;
				CLANG_WARN_BLOCK_CAPTURE_AUTORELEASING = YES;
				CLANG_WARN_BOOL_CONVERSION = YES;
				CLANG_WARN_COMMA = YES;
				CLANG_WARN_CONSTANT_CONVERSION = YES;
				CLANG_WARN_DEPRECATED_OBJC_IMPLEMENTATIONS = YES;
				CLANG_WARN_DIRECT_OBJC_ISA_USAGE = YES_ERROR;
				CLANG_WARN_DOCUMENTATION_COMMENTS = YES;
				CLANG_WARN_EMPTY_BODY = YES;
				CLANG_WARN_ENUM_CONVERSION = YES;
				CLANG_WARN_INFINITE_RECURSION = YES;
				CLANG_WARN_INT_CONVERSION = YES;
				CLANG_WARN_NON_LITERAL_NULL_CONVERSION = YES;
				CLANG_WARN_OBJC_IMPLICIT_RETAIN_SELF = YES;
				CLANG_WARN_OBJC_LITERAL_CONVERSION = YES;
				CLANG_WARN_OBJC_ROOT_CLASS = YES_ERROR;
				CLANG_WARN_QUOTED_INCLUDE_IN_FRAMEWORK_HEADER = YES;
				CLANG_WARN_RANGE_LOOP_ANALYSIS = YES;
				CLANG_WARN_STRICT_PROTOTYPES = YES;
				CLANG_WARN_SUSPICIOUS_MOVE = YES;
				CLANG_WARN_UNGUARDED_AVAILABILITY = YES_AGGRESSIVE;
				CLANG_WARN_UNREACHABLE_CODE = YES;
				CLANG_WARN__DUPLICATE_METHOD_MATCH = YES;
				COPY_PHASE_STRIP = NO;
				DEBUG_INFORMATION_FORMAT = "dwarf-with-dsym";
				ENABLE_NS_ASSERTIONS = NO;
				ENABLE_STRICT_OBJC_MSGSEND = YES;
				GCC_C_LANGUAGE_STANDARD = gnu11;
				GCC_NO_COMMON_BLOCKS = YES;
				GCC_WARN_64_TO_32_BIT_CONVERSION = YES;
				GCC_WARN_ABOUT_RETURN_TYPE = YES_ERROR;
				GCC_WARN_UNDECLARED_SELECTOR = YES;
				GCC_WARN_UNINITIALIZED_AUTOS = YES_AGGRESSIVE;
				GCC_WARN_UNUSED_FUNCTION = YES;
				GCC_WARN_UNUSED_VARIABLE = YES;
				IPHONEOS_DEPLOYMENT_TARGET = 14.5;
				MTL_ENABLE_DEBUG_INFO = NO;
				MTL_FAST_MATH = YES;
				SDKROOT = iphoneos;
				SWIFT_COMPILATION_MODE = wholemodule;
				SWIFT_OPTIMIZATION_LEVEL = "-O";
				VALIDATE_PRODUCT = YES;
			};
			name = Release;
		};
		DBF89BB626AE3B6A00297D0E /* Debug */ = {
			isa = XCBuildConfiguration;
			buildSettings = {
				ASSETCATALOG_COMPILER_APPICON_NAME = AppIcon;
				ASSETCATALOG_COMPILER_GLOBAL_ACCENT_COLOR_NAME = AccentColor;
				CODE_SIGN_STYLE = Automatic;
				INFOPLIST_FILE = "Idade de Cachorro/Info.plist";
				LD_RUNPATH_SEARCH_PATHS = (
					"$(inherited)",
					"@executable_path/Frameworks",
				);
				PRODUCT_BUNDLE_IDENTIFIER = "com.reginaldoviana.Idade-de-Cachorro";
				PRODUCT_NAME = "$(TARGET_NAME)";
				SWIFT_VERSION = 5.0;
				TARGETED_DEVICE_FAMILY = "1,2";
			};
			name = Debug;
		};
		DBF89BB726AE3B6A00297D0E /* Release */ = {
			isa = XCBuildConfiguration;
			buildSettings = {
				ASSETCATALOG_COMPILER_APPICON_NAME = AppIcon;
				ASSETCATALOG_COMPILER_GLOBAL_ACCENT_COLOR_NAME = AccentColor;
				CODE_SIGN_STYLE = Automatic;
				INFOPLIST_FILE = "Idade de Cachorro/Info.plist";
				LD_RUNPATH_SEARCH_PATHS = (
					"$(inherited)",
					"@executable_path/Frameworks",
				);
				PRODUCT_BUNDLE_IDENTIFIER = "com.reginaldoviana.Idade-de-Cachorro";
				PRODUCT_NAME = "$(TARGET_NAME)";
				SWIFT_VERSION = 5.0;
				TARGETED_DEVICE_FAMILY = "1,2";
			};
			name = Release;
		};
/* End XCBuildConfiguration section */

/* Begin XCConfigurationList section */
		DBF89B9C26AE3B6800297D0E /* Build configuration list for PBXProject "Idade de Cachorro" */ = {
			isa = XCConfigurationList;
			buildConfigurations = (
				DBF89BB326AE3B6A00297D0E /* Debug */,
				DBF89BB426AE3B6A00297D0E /* Release */,
			);
			defaultConfigurationIsVisible = 0;
			defaultConfigurationName = Release;
		};
		DBF89BB526AE3B6A00297D0E /* Build configuration list for PBXNativeTarget "Idade de Cachorro" */ = {
			isa = XCConfigurationList;
			buildConfigurations = (
				DBF89BB626AE3B6A00297D0E /* Debug */,
				DBF89BB726AE3B6A00297D0E /* Release */,
			);
			defaultConfigurationIsVisible = 0;
			defaultConfigurationName = Release;
		};
/* End XCConfigurationList section */
	};
	rootObject = DBF89B9926AE3B6800297D0E /* Project object */;
}
